
Microsoft Visual Studio Solution File, Format Version 12.00
# Visual Studio 2013
VisualStudioVersion = 12.0.30501.0
MinimumVisualStudioVersion = 10.0.40219.1
Project("{FAE04EC0-301F-11D3-BF4B-00C04F79EFBC}") = "QIC.Sport.Odds.Collector.Core", "QIC.Sport.Odds.Collector.Core\QIC.Sport.Odds.Collector.Core.csproj", "{416594E4-31F5-4D52-A826-A54017B7B6FC}"
EndProject
Project("{FAE04EC0-301F-11D3-BF4B-00C04F79EFBC}") = "QIC.Sport.Odds.Collector.Ibc", "QIC.Sport.Odds.Collector.Ibc\QIC.Sport.Odds.Collector.Ibc.csproj", "{2C7030A4-16A0-4AD2-80F2-A8DC103ECE5C}"
EndProject
Project("{FAE04EC0-301F-11D3-BF4B-00C04F79EFBC}") = "QIC.Sport.Odds.Collector.Cache", "QIC.Sport.Odds.Collector.Cache\QIC.Sport.Odds.Collector.Cache.csproj", "{7BDFCDB2-BAAC-4E16-AE5B-3AFC5776A681}"
EndProject
Project("{FAE04EC0-301F-11D3-BF4B-00C04F79EFBC}") = "QIC.Sport.Odds.Collector.Common", "QIC.Sport.Odds.Collector.Common\QIC.Sport.Odds.Collector.Common.csproj", "{9EC7B76A-E7BD-4C75-BB39-DC85EF270D35}"
EndProject
Project("{FAE04EC0-301F-11D3-BF4B-00C04F79EFBC}") = "QIC.Sport.Odds.Collector.Service", "QIC.Sport.Odds.Collector.Service\QIC.Sport.Odds.Collector.Service.csproj", "{9F884595-9CE5-4457-B2E6-3B36F818EB01}"
EndProject
Global
	GlobalSection(SolutionConfigurationPlatforms) = preSolution
		Debug|Any CPU = Debug|Any CPU
		Release|Any CPU = Release|Any CPU
	EndGlobalSection
	GlobalSection(ProjectConfigurationPlatforms) = postSolution
		{416594E4-31F5-4D52-A826-A54017B7B6FC}.Debug|Any CPU.ActiveCfg = Debug|Any CPU
		{416594E4-31F5-4D52-A826-A54017B7B6FC}.Debug|Any CPU.Build.0 = Debug|Any CPU
		{416594E4-31F5-4D52-A826-A54017B7B6FC}.Release|Any CPU.ActiveCfg = Release|Any CPU
		{416594E4-31F5-4D52-A826-A54017B7B6FC}.Release|Any CPU.Build.0 = Release|Any CPU
		{2C7030A4-16A0-4AD2-80F2-A8DC103ECE5C}.Debug|Any CPU.ActiveCfg = Debug|Any CPU
		{2C7030A4-16A0-4AD2-80F2-A8DC103ECE5C}.Debug|Any CPU.Build.0 = Debug|Any CPU
		{2C7030A4-16A0-4AD2-80F2-A8DC103ECE5C}.Release|Any CPU.ActiveCfg = Release|Any CPU
		{2C7030A4-16A0-4AD2-80F2-A8DC103ECE5C}.Release|Any CPU.Build.0 = Release|Any CPU
		{7BDFCDB2-BAAC-4E16-AE5B-3AFC5776A681}.Debug|Any CPU.ActiveCfg = Debug|Any CPU
		{7BDFCDB2-BAAC-4E16-AE5B-3AFC5776A681}.Debug|Any CPU.Build.0 = Debug|Any CPU
		{7BDFCDB2-BAAC-4E16-AE5B-3AFC5776A681}.Release|Any CPU.ActiveCfg = Release|Any CPU
		{7BDFCDB2-BAAC-4E16-AE5B-3AFC5776A681}.Release|Any CPU.Build.0 = Release|Any CPU
		{9EC7B76A-E7BD-4C75-BB39-DC85EF270D35}.Debug|Any CPU.ActiveCfg = Debug|Any CPU
		{9EC7B76A-E7BD-4C75-BB39-DC85EF270D35}.Debug|Any CPU.Build.0 = Debug|Any CPU
		{9EC7B76A-E7BD-4C75-BB39-DC85EF270D35}.Release|Any CPU.ActiveCfg = Release|Any CPU
		{9EC7B76A-E7BD-4C75-BB39-DC85EF270D35}.Release|Any CPU.Build.0 = Release|Any CPU
		{9F884595-9CE5-4457-B2E6-3B36F818EB01}.Debug|Any CPU.ActiveCfg = Debug|Any CPU
		{9F884595-9CE5-4457-B2E6-3B36F818EB01}.Debug|Any CPU.Build.0 = Debug|Any CPU
		{9F884595-9CE5-4457-B2E6-3B36F818EB01}.Release|Any CPU.ActiveCfg = Release|Any CPU
		{9F884595-9CE5-4457-B2E6-3B36F818EB01}.Release|Any CPU.Build.0 = Release|Any CPU
	EndGlobalSection
	GlobalSection(SolutionProperties) = preSolution
		HideSolutionNode = FALSE
	EndGlobalSection
EndGlobal
